schema_version: 1
id: ladder-l1-shape-lock
version: 1.0.0
title: L1 · 九格拼刃
locale: zh-CN
board:
  width: 3
  height: 3
items:
  - id: l_blade
    display_name: L形短刃
    count: 1
    shape: [[0, 0], [1, 0], [1, 1]]
    rotations: [0, 90, 180, 270]
    category: weapon
    stats: {attack: 6}
  - id: bar_blade
    display_name: 三格长刃
    count: 1
    shape: [[0, 0], [0, 1], [0, 2]]
    rotations: [0, 90]
    category: weapon
    stats: {attack: 5}
  - id: dagger
    display_name: 小匕首
    count: 3
    shape: [[0, 0]]
    rotations: [0]
    category: weapon
    stats: {attack: 2}
objective:
  type: sum_stat
  config: {category: weapon, stat: attack}
tags: [ladder, L1, exact-fill, pure-packing, rotation]
difficulty: easy
